// !$*UTF8*$!
{
	archiveVersion = 1;
	classes = {
	};
	objectVersion = 56;
	objects = {

/* Begin PBXBuildFile section */
		3A2F8F15290DDE3B00D20733 /* AllertService.swift in Sources */ = {isa = PBXBuildFile; fileRef = 3A2F8F14290DDE3B00D20733 /* AllertService.swift */; };
		3A2F8F17290F12B400D20733 /* ImageCache.swift in Sources */ = {isa = PBXBuildFile; fileRef = 3A2F8F16290F12B300D20733 /* ImageCache.swift */; };
		3A84F4D229096B6F00CEAE50 /* ImageCropperExt.swift in Sources */ = {isa = PBXBuildFile; fileRef = 3A84F4D129096B6F00CEAE50 /* ImageCropperExt.swift */; };
		3A84F4D42909AD6B00CEAE50 /* ModuleBuilder.swift in Sources */ = {isa = PBXBuildFile; fileRef = 3A84F4D32909AD6B00CEAE50 /* ModuleBuilder.swift */; };
		3A84F4D62909AE0800CEAE50 /* DetailView.swift in Sources */ = {isa = PBXBuildFile; fileRef = 3A84F4D52909AE0800CEAE50 /* DetailView.swift */; };
		3A84F4D82909AE3000CEAE50 /* DetailViewModel.swift in Sources */ = {isa = PBXBuildFile; fileRef = 3A84F4D72909AE3000CEAE50 /* DetailViewModel.swift */; };
		3A84F4DC2909B70E00CEAE50 /* HotelCellVMProtocol.swift in Sources */ = {isa = PBXBuildFile; fileRef = 3A84F4DB2909B70E00CEAE50 /* HotelCellVMProtocol.swift */; };
		3A84F4DE2909B75100CEAE50 /* DetailViewModelProtocol.swift in Sources */ = {isa = PBXBuildFile; fileRef = 3A84F4DD2909B75100CEAE50 /* DetailViewModelProtocol.swift */; };
		3A84F4E02909B77A00CEAE50 /* MainViewModelProtocol.swift in Sources */ = {isa = PBXBuildFile; fileRef = 3A84F4DF2909B77A00CEAE50 /* MainViewModelProtocol.swift */; };
		3A84F4E2290A957B00CEAE50 /* Animations.swift in Sources */ = {isa = PBXBuildFile; fileRef = 3A84F4E1290A957A00CEAE50 /* Animations.swift */; };
		3A84F4E4290AB58C00CEAE50 /* MapView.swift in Sources */ = {isa = PBXBuildFile; fileRef = 3A84F4E3290AB58C00CEAE50 /* MapView.swift */; };
		3A84F4E7290AB77200CEAE50 /* MapViewModel.swift in Sources */ = {isa = PBXBuildFile; fileRef = 3A84F4E6290AB77200CEAE50 /* MapViewModel.swift */; };
		3A84F4E9290AB78D00CEAE50 /* MapViewModelProtocol.swift in Sources */ = {isa = PBXBuildFile; fileRef = 3A84F4E8290AB78D00CEAE50 /* MapViewModelProtocol.swift */; };
		3A84F4EB290B32C600CEAE50 /* ServerError.swift in Sources */ = {isa = PBXBuildFile; fileRef = 3A84F4EA290B32C600CEAE50 /* ServerError.swift */; };
		3A84F4ED290BD76500CEAE50 /* ImageDownloader.swift in Sources */ = {isa = PBXBuildFile; fileRef = 3A84F4EC290BD76500CEAE50 /* ImageDownloader.swift */; };
		3AA278DD29115B22001BB89F /* NetworkConnectionMonitor.swift in Sources */ = {isa = PBXBuildFile; fileRef = 3AA278DC29115B22001BB89F /* NetworkConnectionMonitor.swift */; };
		3AFE7F532907EBC000B292A7 /* AppDelegate.swift in Sources */ = {isa = PBXBuildFile; fileRef = 3AFE7F522907EBC000B292A7 /* AppDelegate.swift */; };
		3AFE7F552907EBC000B292A7 /* SceneDelegate.swift in Sources */ = {isa = PBXBuildFile; fileRef = 3AFE7F542907EBC000B292A7 /* SceneDelegate.swift */; };
		3AFE7F572907EBC000B292A7 /* MainView.swift in Sources */ = {isa = PBXBuildFile; fileRef = 3AFE7F562907EBC000B292A7 /* MainView.swift */; };
		3AFE7F5C2907EBC400B292A7 /* Assets.xcassets in Resources */ = {isa = PBXBuildFile; fileRef = 3AFE7F5B2907EBC400B292A7 /* Assets.xcassets */; };
		3AFE7F5F2907EBC400B292A7 /* LaunchScreen.storyboard in Resources */ = {isa = PBXBuildFile; fileRef = 3AFE7F5D2907EBC400B292A7 /* LaunchScreen.storyboard */; };
		3AFE7F672907F09E00B292A7 /* HotelCell.swift in Sources */ = {isa = PBXBuildFile; fileRef = 3AFE7F662907F09E00B292A7 /* HotelCell.swift */; };
		3AFE7F6929082F8900B292A7 /* HotelCellViewModel.swift in Sources */ = {isa = PBXBuildFile; fileRef = 3AFE7F6829082F8800B292A7 /* HotelCellViewModel.swift */; };
		3AFE7F6C290833B800B292A7 /* Hotel.swift in Sources */ = {isa = PBXBuildFile; fileRef = 3AFE7F6B290833B800B292A7 /* Hotel.swift */; };
		3AFE7F712908397B00B292A7 /* NetworkServices.swift in Sources */ = {isa = PBXBuildFile; fileRef = 3AFE7F702908397B00B292A7 /* NetworkServices.swift */; };
		3AFE7F7429085B6700B292A7 /* Helper.swift in Sources */ = {isa = PBXBuildFile; fileRef = 3AFE7F7329085B6700B292A7 /* Helper.swift */; };
		3AFE7F7729087A9200B292A7 /* MainViewModel.swift in Sources */ = {isa = PBXBuildFile; fileRef = 3AFE7F7629087A9200B292A7 /* MainViewModel.swift */; };
		3AFE7F7929093EE400B292A7 /* UrlServiceExt.swift in Sources */ = {isa = PBXBuildFile; fileRef = 3AFE7F7829093EE400B292A7 /* UrlServiceExt.swift */; };
/* End PBXBuildFile section */

/* Begin PBXFileReference section */
		3A2F8F14290DDE3B00D20733 /* AllertService.swift */ = {isa = PBXFileReference; lastKnownFileType = sourcecode.swift; path = AllertService.swift; sourceTree = "<group>"; };
		3A2F8F16290F12B300D20733 /* ImageCache.swift */ = {isa = PBXFileReference; lastKnownFileType = sourcecode.swift; path = ImageCache.swift; sourceTree = "<group>"; };
		3A84F4D129096B6F00CEAE50 /* ImageCropperExt.swift */ = {isa = PBXFileReference; lastKnownFileType = sourcecode.swift; path = ImageCropperExt.swift; sourceTree = "<group>"; };
		3A84F4D32909AD6B00CEAE50 /* ModuleBuilder.swift */ = {isa = PBXFileReference; lastKnownFileType = sourcecode.swift; path = ModuleBuilder.swift; sourceTree = "<group>"; };
		3A84F4D52909AE0800CEAE50 /* DetailView.swift */ = {isa = PBXFileReference; lastKnownFileType = sourcecode.swift; path = DetailView.swift; sourceTree = "<group>"; };
		3A84F4D72909AE3000CEAE50 /* DetailViewModel.swift */ = {isa = PBXFileReference; lastKnownFileType = sourcecode.swift; path = DetailViewModel.swift; sourceTree = "<group>"; };
		3A84F4DB2909B70E00CEAE50 /* HotelCellVMProtocol.swift */ = {isa = PBXFileReference; lastKnownFileType = sourcecode.swift; path = HotelCellVMProtocol.swift; sourceTree = "<group>"; };
		3A84F4DD2909B75100CEAE50 /* DetailViewModelProtocol.swift */ = {isa = PBXFileReference; lastKnownFileType = sourcecode.swift; path = DetailViewModelProtocol.swift; sourceTree = "<group>"; };
		3A84F4DF2909B77A00CEAE50 /* MainViewModelProtocol.swift */ = {isa = PBXFileReference; lastKnownFileType = sourcecode.swift; path = MainViewModelProtocol.swift; sourceTree = "<group>"; };
		3A84F4E1290A957A00CEAE50 /* Animations.swift */ = {isa = PBXFileReference; lastKnownFileType = sourcecode.swift; path = Animations.swift; sourceTree = "<group>"; };
		3A84F4E3290AB58C00CEAE50 /* MapView.swift */ = {isa = PBXFileReference; lastKnownFileType = sourcecode.swift; path = MapView.swift; sourceTree = "<group>"; };
		3A84F4E6290AB77200CEAE50 /* MapViewModel.swift */ = {isa = PBXFileReference; lastKnownFileType = sourcecode.swift; path = MapViewModel.swift; sourceTree = "<group>"; };
		3A84F4E8290AB78D00CEAE50 /* MapViewModelProtocol.swift */ = {isa = PBXFileReference; lastKnownFileType = sourcecode.swift; path = MapViewModelProtocol.swift; sourceTree = "<group>"; };
		3A84F4EA290B32C600CEAE50 /* ServerError.swift */ = {isa = PBXFileReference; lastKnownFileType = sourcecode.swift; path = ServerError.swift; sourceTree = "<group>"; };
		3A84F4EC290BD76500CEAE50 /* ImageDownloader.swift */ = {isa = PBXFileReference; lastKnownFileType = sourcecode.swift; path = ImageDownloader.swift; sourceTree = "<group>"; };
		3AA278DC29115B22001BB89F /* NetworkConnectionMonitor.swift */ = {isa = PBXFileReference; lastKnownFileType = sourcecode.swift; path = NetworkConnectionMonitor.swift; sourceTree = "<group>"; };
		3AFE7F4F2907EBC000B292A7 /* FindMyHotel.app */ = {isa = PBXFileReference; explicitFileType = wrapper.application; includeInIndex = 0; path = FindMyHotel.app; sourceTree = BUILT_PRODUCTS_DIR; };
		3AFE7F522907EBC000B292A7 /* AppDelegate.swift */ = {isa = PBXFileReference; lastKnownFileType = sourcecode.swift; path = AppDelegate.swift; sourceTree = "<group>"; };
		3AFE7F542907EBC000B292A7 /* SceneDelegate.swift */ = {isa = PBXFileReference; lastKnownFileType = sourcecode.swift; path = SceneDelegate.swift; sourceTree = "<group>"; };
		3AFE7F562907EBC000B292A7 /* MainView.swift */ = {isa = PBXFileReference; lastKnownFileType = sourcecode.swift; path = MainView.swift; sourceTree = "<group>"; };
		3AFE7F5B2907EBC400B292A7 /* Assets.xcassets */ = {isa = PBXFileReference; lastKnownFileType = folder.assetcatalog; path = Assets.xcassets; sourceTree = "<group>"; };
		3AFE7F5E2907EBC400B292A7 /* Base */ = {isa = PBXFileReference; lastKnownFileType = file.storyboard; name = Base; path = Base.lproj/LaunchScreen.storyboard; sourceTree = "<group>"; };
		3AFE7F602907EBC400B292A7 /* Info.plist */ = {isa = PBXFileReference; lastKnownFileType = text.plist.xml; path = Info.plist; sourceTree = "<group>"; };
		3AFE7F662907F09E00B292A7 /* HotelCell.swift */ = {isa = PBXFileReference; lastKnownFileType = sourcecode.swift; path = HotelCell.swift; sourceTree = "<group>"; };
		3AFE7F6829082F8800B292A7 /* HotelCellViewModel.swift */ = {isa = PBXFileReference; lastKnownFileType = sourcecode.swift; path = HotelCellViewModel.swift; sourceTree = "<group>"; };
		3AFE7F6B290833B800B292A7 /* Hotel.swift */ = {isa = PBXFileReference; lastKnownFileType = sourcecode.swift; path = Hotel.swift; sourceTree = "<group>"; };
		3AFE7F702908397B00B292A7 /* NetworkServices.swift */ = {isa = PBXFileReference; lastKnownFileType = sourcecode.swift; path = NetworkServices.swift; sourceTree = "<group>"; };
		3AFE7F7329085B6700B292A7 /* Helper.swift */ = {isa = PBXFileReference; lastKnownFileType = sourcecode.swift; path = Helper.swift; sourceTree = "<group>"; };
		3AFE7F7629087A9200B292A7 /* MainViewModel.swift */ = {isa = PBXFileReference; lastKnownFileType = sourcecode.swift; path = MainViewModel.swift; sourceTree = "<group>"; };
		3AFE7F7829093EE400B292A7 /* UrlServiceExt.swift */ = {isa = PBXFileReference; lastKnownFileType = sourcecode.swift; path = UrlServiceExt.swift; sourceTree = "<group>"; };
/* End PBXFileReference section */

/* Begin PBXFrameworksBuildPhase section */
		3AFE7F4C2907EBC000B292A7 /* Frameworks */ = {
			isa = PBXFrameworksBuildPhase;
			buildActionMask = 2147483647;
			files = (
			);
			runOnlyForDeploymentPostprocessing = 0;
		};
/* End PBXFrameworksBuildPhase section */

/* Begin PBXGroup section */
		3A84F4D92909AE4200CEAE50 /* Main */ = {
			isa = PBXGroup;
			children = (
				3AFE7F562907EBC000B292A7 /* MainView.swift */,
				3AFE7F7629087A9200B292A7 /* MainViewModel.swift */,
				3A84F4DF2909B77A00CEAE50 /* MainViewModelProtocol.swift */,
			);
			path = Main;
			sourceTree = "<group>";
		};
		3A84F4DA2909AE4C00CEAE50 /* Detail */ = {
			isa = PBXGroup;
			children = (
				3A84F4D52909AE0800CEAE50 /* DetailView.swift */,
				3A84F4D72909AE3000CEAE50 /* DetailViewModel.swift */,
				3A84F4DD2909B75100CEAE50 /* DetailViewModelProtocol.swift */,
			);
			path = Detail;
			sourceTree = "<group>";
		};
		3A84F4E5290AB59300CEAE50 /* Map */ = {
			isa = PBXGroup;
			children = (
				3A84F4E3290AB58C00CEAE50 /* MapView.swift */,
				3A84F4E6290AB77200CEAE50 /* MapViewModel.swift */,
				3A84F4E8290AB78D00CEAE50 /* MapViewModelProtocol.swift */,
			);
			path = Map;
			sourceTree = "<group>";
		};
		3AFE7F462907EBBF00B292A7 = {
			isa = PBXGroup;
			children = (
				3AFE7F512907EBC000B292A7 /* FindMyHotel */,
				3AFE7F502907EBC000B292A7 /* Products */,
			);
			sourceTree = "<group>";
		};
		3AFE7F502907EBC000B292A7 /* Products */ = {
			isa = PBXGroup;
			children = (
				3AFE7F4F2907EBC000B292A7 /* FindMyHotel.app */,
			);
			name = Products;
			sourceTree = "<group>";
		};
		3AFE7F512907EBC000B292A7 /* FindMyHotel */ = {
			isa = PBXGroup;
			children = (
				3AFE7F6D290833BD00B292A7 /* Model */,
				3AFE7F6F290838FC00B292A7 /* Modules */,
				3AFE7F6A29082F9000B292A7 /* HotelCell */,
				3AFE7F722908398200B292A7 /* Networking */,
				3AFE7F7529085B9D00B292A7 /* Helpers */,
				3AFE7F6E290838B600B292A7 /* Application */,
			);
			path = FindMyHotel;
			sourceTree = "<group>";
		};
		3AFE7F6A29082F9000B292A7 /* HotelCell */ = {
			isa = PBXGroup;
			children = (
				3AFE7F662907F09E00B292A7 /* HotelCell.swift */,
				3AFE7F6829082F8800B292A7 /* HotelCellViewModel.swift */,
				3A84F4DB2909B70E00CEAE50 /* HotelCellVMProtocol.swift */,
			);
			path = HotelCell;
			sourceTree = "<group>";
		};
		3AFE7F6D290833BD00B292A7 /* Model */ = {
			isa = PBXGroup;
			children = (
				3AFE7F6B290833B800B292A7 /* Hotel.swift */,
			);
			path = Model;
			sourceTree = "<group>";
		};
		3AFE7F6E290838B600B292A7 /* Application */ = {
			isa = PBXGroup;
			children = (
				3AFE7F542907EBC000B292A7 /* SceneDelegate.swift */,
				3AFE7F522907EBC000B292A7 /* AppDelegate.swift */,
				3AFE7F5B2907EBC400B292A7 /* Assets.xcassets */,
				3AFE7F5D2907EBC400B292A7 /* LaunchScreen.storyboard */,
				3AFE7F602907EBC400B292A7 /* Info.plist */,
			);
			path = Application;
			sourceTree = "<group>";
		};
		3AFE7F6F290838FC00B292A7 /* Modules */ = {
			isa = PBXGroup;
			children = (
				3A84F4D92909AE4200CEAE50 /* Main */,
				3A84F4DA2909AE4C00CEAE50 /* Detail */,
				3A84F4E5290AB59300CEAE50 /* Map */,
			);
			path = Modules;
			sourceTree = "<group>";
		};
		3AFE7F722908398200B292A7 /* Networking */ = {
			isa = PBXGroup;
			children = (
				3AFE7F702908397B00B292A7 /* NetworkServices.swift */,
				3A2F8F16290F12B300D20733 /* ImageCache.swift */,
				3A84F4EC290BD76500CEAE50 /* ImageDownloader.swift */,
				3AFE7F7829093EE400B292A7 /* UrlServiceExt.swift */,
				3AA278DC29115B22001BB89F /* NetworkConnectionMonitor.swift */,
				3A84F4EA290B32C600CEAE50 /* ServerError.swift */,
				3A2F8F14290DDE3B00D20733 /* AllertService.swift */,
			);
			path = Networking;
			sourceTree = "<group>";
		};
		3AFE7F7529085B9D00B292A7 /* Helpers */ = {
			isa = PBXGroup;
			children = (
				3AFE7F7329085B6700B292A7 /* Helper.swift */,
				3A84F4E1290A957A00CEAE50 /* Animations.swift */,
				3A84F4D129096B6F00CEAE50 /* ImageCropperExt.swift */,
				3A84F4D32909AD6B00CEAE50 /* ModuleBuilder.swift */,
			);
			path = Helpers;
			sourceTree = "<group>";
		};
/* End PBXGroup section */

/* Begin PBXNativeTarget section */
		3AFE7F4E2907EBC000B292A7 /* FindMyHotel */ = {
			isa = PBXNativeTarget;
			buildConfigurationList = 3AFE7F632907EBC400B292A7 /* Build configuration list for PBXNativeTarget "FindMyHotel" */;
			buildPhases = (
				3AFE7F4B2907EBC000B292A7 /* Sources */,
				3AFE7F4C2907EBC000B292A7 /* Frameworks */,
				3AFE7F4D2907EBC000B292A7 /* Resources */,
			);
			buildRules = (
			);
			dependencies = (
			);
			name = FindMyHotel;
			productName = FindMyHotel;
			productReference = 3AFE7F4F2907EBC000B292A7 /* FindMyHotel.app */;
			productType = "com.apple.product-type.application";
		};
/* End PBXNativeTarget section */

/* Begin PBXProject section */
		3AFE7F472907EBBF00B292A7 /* Project object */ = {
			isa = PBXProject;
			attributes = {
				BuildIndependentTargetsInParallel = 1;
				LastSwiftUpdateCheck = 1400;
				LastUpgradeCheck = 1400;
				TargetAttributes = {
					3AFE7F4E2907EBC000B292A7 = {
						CreatedOnToolsVersion = 14.0.1;
					};
				};
			};
			buildConfigurationList = 3AFE7F4A2907EBBF00B292A7 /* Build configuration list for PBXProject "FindMyHotel" */;
			compatibilityVersion = "Xcode 14.0";
			developmentRegion = en;
			hasScannedForEncodings = 0;
			knownRegions = (
				en,
				Base,
			);
			mainGroup = 3AFE7F462907EBBF00B292A7;
			productRefGroup = 3AFE7F502907EBC000B292A7 /* Products */;
			projectDirPath = "";
			projectRoot = "";
			targets = (
				3AFE7F4E2907EBC000B292A7 /* FindMyHotel */,
			);
		};
/* End PBXProject section */

/* Begin PBXResourcesBuildPhase section */
		3AFE7F4D2907EBC000B292A7 /* Resources */ = {
			isa = PBXResourcesBuildPhase;
			buildActionMask = 2147483647;
			files = (
				3AFE7F5F2907EBC400B292A7 /* LaunchScreen.storyboard in Resources */,
				3AFE7F5C2907EBC400B292A7 /* Assets.xcassets in Resources */,
			);
			runOnlyForDeploymentPostprocessing = 0;
		};
/* End PBXResourcesBuildPhase section */

/* Begin PBXSourcesBuildPhase section */
		3AFE7F4B2907EBC000B292A7 /* Sources */ = {
			isa = PBXSourcesBuildPhase;
			buildActionMask = 2147483647;
			files = (
				3AA278DD29115B22001BB89F /* NetworkConnectionMonitor.swift in Sources */,
				3A84F4E02909B77A00CEAE50 /* MainViewModelProtocol.swift in Sources */,
				3AFE7F6C290833B800B292A7 /* Hotel.swift in Sources */,
				3AFE7F572907EBC000B292A7 /* MainView.swift in Sources */,
				3A84F4ED290BD76500CEAE50 /* ImageDownloader.swift in Sources */,
				3AFE7F532907EBC000B292A7 /* AppDelegate.swift in Sources */,
				3A84F4DE2909B75100CEAE50 /* DetailViewModelProtocol.swift in Sources */,
				3AFE7F6929082F8900B292A7 /* HotelCellViewModel.swift in Sources */,
				3AFE7F712908397B00B292A7 /* NetworkServices.swift in Sources */,
				3AFE7F7929093EE400B292A7 /* UrlServiceExt.swift in Sources */,
				3AFE7F672907F09E00B292A7 /* HotelCell.swift in Sources */,
				3A2F8F17290F12B400D20733 /* ImageCache.swift in Sources */,
				3A84F4D62909AE0800CEAE50 /* DetailView.swift in Sources */,
				3A2F8F15290DDE3B00D20733 /* AllertService.swift in Sources */,
				3AFE7F552907EBC000B292A7 /* SceneDelegate.swift in Sources */,
				3A84F4E7290AB77200CEAE50 /* MapViewModel.swift in Sources */,
				3A84F4DC2909B70E00CEAE50 /* HotelCellVMProtocol.swift in Sources */,
				3A84F4D82909AE3000CEAE50 /* DetailViewModel.swift in Sources */,
				3A84F4EB290B32C600CEAE50 /* ServerError.swift in Sources */,
				3A84F4E9290AB78D00CEAE50 /* MapViewModelProtocol.swift in Sources */,
				3A84F4D229096B6F00CEAE50 /* ImageCropperExt.swift in Sources */,
				3A84F4E2290A957B00CEAE50 /* Animations.swift in Sources */,
				3A84F4E4290AB58C00CEAE50 /* MapView.swift in Sources */,
				3AFE7F7429085B6700B292A7 /* Helper.swift in Sources */,
				3AFE7F7729087A9200B292A7 /* MainViewModel.swift in Sources */,
				3A84F4D42909AD6B00CEAE50 /* ModuleBuilder.swift in Sources */,
			);
			runOnlyForDeploymentPostprocessing = 0;
		};
/* End PBXSourcesBuildPhase section */

/* Begin PBXVariantGroup section */
		3AFE7F5D2907EBC400B292A7 /* LaunchScreen.storyboard */ = {
			isa = PBXVariantGroup;
			children = (
				3AFE7F5E2907EBC400B292A7 /* Base */,
			);
			name = LaunchScreen.storyboard;
			sourceTree = "<group>";
		};
/* End PBXVariantGroup section */

/* Begin XCBuildConfiguration section */
		3AFE7F612907EBC400B292A7 /* Debug */ = {
			isa = XCBuildConfiguration;
			buildSettings = {
				ALWAYS_SEARCH_USER_PATHS = NO;
				CLANG_ANALYZER_NONNULL = YES;
				CLANG_ANALYZER_NUMBER_OBJECT_CONVERSION = YES_AGGRESSIVE;
				CLANG_CXX_LANGUAGE_STANDARD = "gnu++20";
				CLANG_ENABLE_MODULES = YES;
				CLANG_ENABLE_OBJC_ARC = YES;
				CLANG_ENABLE_OBJC_WEAK = YES;
				CLANG_WARN_BLOCK_CAPTURE_AUTORELEASING = YES;
				CLANG_WARN_BOOL_CONVERSION = YES;
				CLANG_WARN_COMMA = YES;
				CLANG_WARN_CONSTANT_CONVERSION = YES;
				CLANG_WARN_DEPRECATED_OBJC_IMPLEMENTATIONS = YES;
				CLANG_WARN_DIRECT_OBJC_ISA_USAGE = YES_ERROR;
				CLANG_WARN_DOCUMENTATION_COMMENTS = YES;
				CLANG_WARN_EMPTY_BODY = YES;
				CLANG_WARN_ENUM_CONVERSION = YES;
				CLANG_WARN_INFINITE_RECURSION = YES;
				CLANG_WARN_INT_CONVERSION = YES;
				CLANG_WARN_NON_LITERAL_NULL_CONVERSION = YES;
				CLANG_WARN_OBJC_IMPLICIT_RETAIN_SELF = YES;
				CLANG_WARN_OBJC_LITERAL_CONVERSION = YES;
				CLANG_WARN_OBJC_ROOT_CLASS = YES_ERROR;
				CLANG_WARN_QUOTED_INCLUDE_IN_FRAMEWORK_HEADER = YES;
				CLANG_WARN_RANGE_LOOP_ANALYSIS = YES;
				CLANG_WARN_STRICT_PROTOTYPES = YES;
				CLANG_WARN_SUSPICIOUS_MOVE = YES;
				CLANG_WARN_UNGUARDED_AVAILABILITY = YES_AGGRESSIVE;
				CLANG_WARN_UNREACHABLE_CODE = YES;
				CLANG_WARN__DUPLICATE_METHOD_MATCH = YES;
				COPY_PHASE_STRIP = NO;
				DEBUG_INFORMATION_FORMAT = dwarf;
				ENABLE_STRICT_OBJC_MSGSEND = YES;
				ENABLE_TESTABILITY = YES;
				GCC_C_LANGUAGE_STANDARD = gnu11;
				GCC_DYNAMIC_NO_PIC = NO;
				GCC_NO_COMMON_BLOCKS = YES;
				GCC_OPTIMIZATION_LEVEL = 0;
				GCC_PREPROCESSOR_DEFINITIONS = (
					"DEBUG=1",
					"$(inherited)",
				);
				GCC_WARN_64_TO_32_BIT_CONVERSION = YES;
				GCC_WARN_ABOUT_RETURN_TYPE = YES_ERROR;
				GCC_WARN_UNDECLARED_SELECTOR = YES;
				GCC_WARN_UNINITIALIZED_AUTOS = YES_AGGRESSIVE;
				GCC_WARN_UNUSED_FUNCTION = YES;
				GCC_WARN_UNUSED_VARIABLE = YES;
				IPHONEOS_DEPLOYMENT_TARGET = 13.0;
				MTL_ENABLE_DEBUG_INFO = INCLUDE_SOURCE;
				MTL_FAST_MATH = YES;
				ONLY_ACTIVE_ARCH = YES;
				SDKROOT = iphoneos;
				SWIFT_ACTIVE_COMPILATION_CONDITIONS = DEBUG;
				SWIFT_OPTIMIZATION_LEVEL = "-Onone";
			};
			name = Debug;
		};
		3AFE7F622907EBC400B292A7 /* Release */ = {
			isa = XCBuildConfiguration;
			buildSettings = {
				ALWAYS_SEARCH_USER_PATHS = NO;
				CLANG_ANALYZER_NONNULL = YES;
				CLANG_ANALYZER_NUMBER_OBJECT_CONVERSION = YES_AGGRESSIVE;
				CLANG_CXX_LANGUAGE_STANDARD = "gnu++20";
				CLANG_ENABLE_MODULES = YES;
				CLANG_ENABLE_OBJC_ARC = YES;
				CLANG_ENABLE_OBJC_WEAK = YES;
				CLANG_WARN_BLOCK_CAPTURE_AUTORELEASING = YES;
				CLANG_WARN_BOOL_CONVERSION = YES;
				CLANG_WARN_COMMA = YES;
				CLANG_WARN_CONSTANT_CONVERSION = YES;
				CLANG_WARN_DEPRECATED_OBJC_IMPLEMENTATIONS = YES;
				CLANG_WARN_DIRECT_OBJC_ISA_USAGE = YES_ERROR;
				CLANG_WARN_DOCUMENTATION_COMMENTS = YES;
				CLANG_WARN_EMPTY_BODY = YES;
				CLANG_WARN_ENUM_CONVERSION = YES;
				CLANG_WARN_INFINITE_RECURSION = YES;
				CLANG_WARN_INT_CONVERSION = YES;
				CLANG_WARN_NON_LITERAL_NULL_CONVERSION = YES;
				CLANG_WARN_OBJC_IMPLICIT_RETAIN_SELF = YES;
				CLANG_WARN_OBJC_LITERAL_CONVERSION = YES;
				CLANG_WARN_OBJC_ROOT_CLASS = YES_ERROR;
				CLANG_WARN_QUOTED_INCLUDE_IN_FRAMEWORK_HEADER = YES;
				CLANG_WARN_RANGE_LOOP_ANALYSIS = YES;
				CLANG_WARN_STRICT_PROTOTYPES = YES;
				CLANG_WARN_SUSPICIOUS_MOVE = YES;
				CLANG_WARN_UNGUARDED_AVAILABILITY = YES_AGGRESSIVE;
				CLANG_WARN_UNREACHABLE_CODE = YES;
				CLANG_WARN__DUPLICATE_METHOD_MATCH = YES;
				COPY_PHASE_STRIP = NO;
				DEBUG_INFORMATION_FORMAT = "dwarf-with-dsym";
				ENABLE_NS_ASSERTIONS = NO;
				ENABLE_STRICT_OBJC_MSGSEND = YES;
				GCC_C_LANGUAGE_STANDARD = gnu11;
				GCC_NO_COMMON_BLOCKS = YES;
				GCC_WARN_64_TO_32_BIT_CONVERSION = YES;
				GCC_WARN_ABOUT_RETURN_TYPE = YES_ERROR;
				GCC_WARN_UNDECLARED_SELECTOR = YES;
				GCC_WARN_UNINITIALIZED_AUTOS = YES_AGGRESSIVE;
				GCC_WARN_UNUSED_FUNCTION = YES;
				GCC_WARN_UNUSED_VARIABLE = YES;
				IPHONEOS_DEPLOYMENT_TARGET = 13.0;
				MTL_ENABLE_DEBUG_INFO = NO;
				MTL_FAST_MATH = YES;
				SDKROOT = iphoneos;
				SWIFT_COMPILATION_MODE = wholemodule;
				SWIFT_OPTIMIZATION_LEVEL = "-O";
				VALIDATE_PRODUCT = YES;
			};
			name = Release;
		};
		3AFE7F642907EBC400B292A7 /* Debug */ = {
			isa = XCBuildConfiguration;
			buildSettings = {
				ASSETCATALOG_COMPILER_APPICON_NAME = AppIcon;
				ASSETCATALOG_COMPILER_GLOBAL_ACCENT_COLOR_NAME = AccentColor;
				CODE_SIGN_STYLE = Automatic;
				CURRENT_PROJECT_VERSION = 1;
				DEVELOPMENT_TEAM = H6Q7NMAZAW;
				GENERATE_INFOPLIST_FILE = YES;
				INFOPLIST_FILE = FindMyHotel/Application/Info.plist;
				INFOPLIST_KEY_UIApplicationSupportsIndirectInputEvents = YES;
				INFOPLIST_KEY_UILaunchStoryboardName = LaunchScreen;
				INFOPLIST_KEY_UISupportedInterfaceOrientations_iPad = "UIInterfaceOrientationPortrait UIInterfaceOrientationPortraitUpsideDown UIInterfaceOrientationLandscapeLeft UIInterfaceOrientationLandscapeRight";
				INFOPLIST_KEY_UISupportedInterfaceOrientations_iPhone = "UIInterfaceOrientationPortrait UIInterfaceOrientationLandscapeLeft UIInterfaceOrientationLandscapeRight";
				LD_RUNPATH_SEARCH_PATHS = (
					"$(inherited)",
					"@executable_path/Frameworks",
				);
				MARKETING_VERSION = 1.0;
				PRODUCT_BUNDLE_IDENTIFIER = Anton.Prokopev.FindMyHotel;
				PRODUCT_NAME = "$(TARGET_NAME)";
				SWIFT_EMIT_LOC_STRINGS = YES;
				SWIFT_VERSION = 5.0;
				TARGETED_DEVICE_FAMILY = "1,2";
			};
			name = Debug;
		};
		3AFE7F652907EBC400B292A7 /* Release */ = {
			isa = XCBuildConfiguration;
			buildSettings = {
				ASSETCATALOG_COMPILER_APPICON_NAME = AppIcon;
				ASSETCATALOG_COMPILER_GLOBAL_ACCENT_COLOR_NAME = AccentColor;
				CODE_SIGN_STYLE = Automatic;
				CURRENT_PROJECT_VERSION = 1;
				DEVELOPMENT_TEAM = H6Q7NMAZAW;
				GENERATE_INFOPLIST_FILE = YES;
				INFOPLIST_FILE = FindMyHotel/Application/Info.plist;
				INFOPLIST_KEY_UIApplicationSupportsIndirectInputEvents = YES;
				INFOPLIST_KEY_UILaunchStoryboardName = LaunchScreen;
				INFOPLIST_KEY_UISupportedInterfaceOrientations_iPad = "UIInterfaceOrientationPortrait UIInterfaceOrientationPortraitUpsideDown UIInterfaceOrientationLandscapeLeft UIInterfaceOrientationLandscapeRight";
				INFOPLIST_KEY_UISupportedInterfaceOrientations_iPhone = "UIInterfaceOrientationPortrait UIInterfaceOrientationLandscapeLeft UIInterfaceOrientationLandscapeRight";
				LD_RUNPATH_SEARCH_PATHS = (
					"$(inherited)",
					"@executable_path/Frameworks",
				);
				MARKETING_VERSION = 1.0;
				PRODUCT_BUNDLE_IDENTIFIER = Anton.Prokopev.FindMyHotel;
				PRODUCT_NAME = "$(TARGET_NAME)";
				SWIFT_EMIT_LOC_STRINGS = YES;
				SWIFT_VERSION = 5.0;
				TARGETED_DEVICE_FAMILY = "1,2";
			};
			name = Release;
		};
/* End XCBuildConfiguration section */

/* Begin XCConfigurationList section */
		3AFE7F4A2907EBBF00B292A7 /* Build configuration list for PBXProject "FindMyHotel" */ = {
			isa = XCConfigurationList;
			buildConfigurations = (
				3AFE7F612907EBC400B292A7 /* Debug */,
				3AFE7F622907EBC400B292A7 /* Release */,
			);
			defaultConfigurationIsVisible = 0;
			defaultConfigurationName = Release;
		};
		3AFE7F632907EBC400B292A7 /* Build configuration list for PBXNativeTarget "FindMyHotel" */ = {
			isa = XCConfigurationList;
			buildConfigurations = (
				3AFE7F642907EBC400B292A7 /* Debug */,
				3AFE7F652907EBC400B292A7 /* Release */,
			);
			defaultConfigurationIsVisible = 0;
			defaultConfigurationName = Release;
		};
/* End XCConfigurationList section */
	};
	rootObject = 3AFE7F472907EBBF00B292A7 /* Project object */;
}
